<?xml version="1.0" encoding="utf-8"?>
<Project ToolsVersion="4.0" xmlns="http://schemas.microsoft.com/developer/msbuild/2003">
  <ItemGroup>
    <Filter Include="소스 파일">
      <UniqueIdentifier>{4FC737F1-C7A5-4376-A066-2A32D752A2FF}</UniqueIdentifier>
      <Extensions>cpp;c;cc;cxx;def;odl;idl;hpj;bat;asm;asmx</Extensions>
    </Filter>
    <Filter Include="헤더 파일">
      <UniqueIdentifier>{93995380-89BD-4b04-88EB-625FBE52EBFB}</UniqueIdentifier>
      <Extensions>h;hh;hpp;hxx;hm;inl;inc;xsd</Extensions>
    </Filter>
    <Filter Include="리소스 파일">
      <UniqueIdentifier>{67DA6AB6-F800-4c08-8B7A-83BB121AAD01}</UniqueIdentifier>
      <Extensions>rc;ico;cur;bmp;dlg;rc2;rct;bin;rgs;gif;jpg;jpeg;jpe;resx;tiff;tif;png;wav;mfcribbon-ms</Extensions>
    </Filter>
    <Filter Include="소스 파일\headers">
      <UniqueIdentifier>{63a2c3a4-838f-468a-a0da-084f04b86bc1}</UniqueIdentifier>
    </Filter>
    <Filter Include="소스 파일\headers\SIM">
      <UniqueIdentifier>{b872b121-3650-4a07-8b23-db8082ba1557}</UniqueIdentifier>
    </Filter>
    <Filter Include="소스 파일\headers\SIM\Robot">
      <UniqueIdentifier>{a9c71f9b-2108-4dfa-aff6-982c318cf4a3}</UniqueIdentifier>
    </Filter>
    <Filter Include="소스 파일\headers\SIM\Sensor">
      <UniqueIdentifier>{ed3a7a1a-672f-4ed7-abe8-c9eb1d0b0d8d}</UniqueIdentifier>
    </Filter>
    <Filter Include="소스 파일\headers\ADD-ON">
      <UniqueIdentifier>{2aa1af63-6ba9-439d-8b92-ea454d055940}</UniqueIdentifier>
    </Filter>
    <Filter Include="소스 파일\headers\ADD-ON\Map">
      <UniqueIdentifier>{fb9891d2-304e-4855-9d56-1a242089fb66}</UniqueIdentifier>
    </Filter>
    <Filter Include="소스 파일\headers\ADD-ON\VirtualRobot">
      <UniqueIdentifier>{f0f2d6d3-dcd7-4465-bb42-f9d20df72f4a}</UniqueIdentifier>
    </Filter>
    <Filter Include="소스 파일\headers\ADD-ON\Movement">
      <UniqueIdentifier>{0297731b-61b1-441f-b4f8-4ed02bf39b75}</UniqueIdentifier>
    </Filter>
    <Filter Include="소스 파일\sources">
      <UniqueIdentifier>{81f953c4-9790-4c7b-819e-0603b8df002a}</UniqueIdentifier>
    </Filter>
    <Filter Include="소스 파일\sources\SIM">
      <UniqueIdentifier>{64738993-2a69-41e3-a42f-caa21a542d26}</UniqueIdentifier>
    </Filter>
    <Filter Include="소스 파일\sources\SIM\robot">
      <UniqueIdentifier>{21c2b522-f9fc-4f6d-b574-6dba2c17065c}</UniqueIdentifier>
    </Filter>
    <Filter Include="소스 파일\sources\SIM\sensor">
      <UniqueIdentifier>{e9d43fbf-d9e9-491e-9007-8638769af12b}</UniqueIdentifier>
    </Filter>
    <Filter Include="소스 파일\sources\ADD-ON">
      <UniqueIdentifier>{e27a7b3c-255b-4f5e-b3b9-fc93b0309ab7}</UniqueIdentifier>
    </Filter>
    <Filter Include="소스 파일\sources\ADD-ON\Map">
      <UniqueIdentifier>{4d3c9341-9d45-4b13-b1ad-260f5de5f9bf}</UniqueIdentifier>
    </Filter>
    <Filter Include="소스 파일\sources\ADD-ON\VirtualRobot">
      <UniqueIdentifier>{327d795a-6d45-42f5-9695-3b847fa23c07}</UniqueIdentifier>
    </Filter>
    <Filter Include="소스 파일\sources\ADD-ON\Movement">
      <UniqueIdentifier>{d0652892-7ac5-4361-b7ca-3f68adeabb23}</UniqueIdentifier>
    </Filter>
    <Filter Include="소스 파일\garbage">
      <UniqueIdentifier>{e0379eb0-9cd4-4b81-baff-831d7b57b48a}</UniqueIdentifier>
    </Filter>
  </ItemGroup>
  <ItemGroup>
    <ClInclude Include="moveManager.h">
      <Filter>소스 파일\headers\ADD-ON\Movement</Filter>
    </ClInclude>
    <ClInclude Include="VirtualRobot.h">
      <Filter>소스 파일\headers\ADD-ON\VirtualRobot</Filter>
    </ClInclude>
    <ClInclude Include="map.h">
      <Filter>소스 파일\headers\ADD-ON\Map</Filter>
    </ClInclude>
    <ClInclude Include="mapmanager.h">
      <Filter>소스 파일\headers\ADD-ON\Map</Filter>
    </ClInclude>
    <ClInclude Include="datainterface.h">
      <Filter>소스 파일\headers\ADD-ON\Movement</Filter>
    </ClInclude>
    <ClInclude Include="robot.h">
      <Filter>소스 파일\headers\SIM\Robot</Filter>
    </ClInclude>
    <ClInclude Include="sensor.h">
      <Filter>소스 파일\headers\SIM\Sensor</Filter>
    </ClInclude>
    <ClInclude Include="Common.h">
      <Filter>소스 파일\headers</Filter>
    </ClInclude>
    <ClInclude Include="global.h">
      <Filter>소스 파일\headers</Filter>
    </ClInclude>
    <ClInclude Include="satellite.h">
      <Filter>소스 파일\garbage</Filter>
    </ClInclude>
  </ItemGroup>
  <ItemGroup>
    <ClCompile Include="robot.cpp">
      <Filter>소스 파일\sources\SIM\robot</Filter>
    </ClCompile>
    <ClCompile Include="sensor.cpp">
      <Filter>소스 파일\sources\SIM\sensor</Filter>
    </ClCompile>
    <ClCompile Include="map.cpp">
      <Filter>소스 파일\sources\ADD-ON\Map</Filter>
    </ClCompile>
    <ClCompile Include="MainFlow.cpp">
      <Filter>소스 파일\sources</Filter>
    </ClCompile>
    <ClCompile Include="MapManager.cpp">
      <Filter>소스 파일\sources\ADD-ON\Map</Filter>
    </ClCompile>
    <ClCompile Include="datainterface.cpp">
      <Filter>소스 파일\sources\ADD-ON\Movement</Filter>
    </ClCompile>
    <ClCompile Include="movemanager.cpp">
      <Filter>소스 파일\sources\ADD-ON\Movement</Filter>
    </ClCompile>
    <ClCompile Include="virtualrobot.cpp">
      <Filter>소스 파일\sources\ADD-ON\VirtualRobot</Filter>
    </ClCompile>
    <ClCompile Include="satellite.cpp">
      <Filter>소스 파일\garbage</Filter>
    </ClCompile>
  </ItemGroup>
</Project>